// !$*UTF8*$!
{
	archiveVersion = 1;
	classes = {
	};
	objectVersion = 55;
	objects = {

/* Begin PBXBuildFile section */
		5129BF972AAA51770097B191 /* AppDelegate.swift in Sources */ = {isa = PBXBuildFile; fileRef = 5129BF962AAA51770097B191 /* AppDelegate.swift */; };
		5129BF992AAA51770097B191 /* SceneDelegate.swift in Sources */ = {isa = PBXBuildFile; fileRef = 5129BF982AAA51770097B191 /* SceneDelegate.swift */; };
		5129BF9B2AAA51770097B191 /* ViewController.swift in Sources */ = {isa = PBXBuildFile; fileRef = 5129BF9A2AAA51770097B191 /* ViewController.swift */; };
		5129BFA02AAA517B0097B191 /* Assets.xcassets in Resources */ = {isa = PBXBuildFile; fileRef = 5129BF9F2AAA517B0097B191 /* Assets.xcassets */; };
		5129BFA32AAA517B0097B191 /* LaunchScreen.storyboard in Resources */ = {isa = PBXBuildFile; fileRef = 5129BFA12AAA517B0097B191 /* LaunchScreen.storyboard */; };
		5129BFAB2AAA59C70097B191 /* AuthViewController.swift in Sources */ = {isa = PBXBuildFile; fileRef = 5129BFAA2AAA59C60097B191 /* AuthViewController.swift */; };
		5129BFAD2AAF2E340097B191 /* DiskFile.swift in Sources */ = {isa = PBXBuildFile; fileRef = 5129BFAC2AAF2E340097B191 /* DiskFile.swift */; };
		51D9F45A2AB08FFA00055E7E /* FileTableViewCell.swift in Sources */ = {isa = PBXBuildFile; fileRef = 51D9F4592AB08FFA00055E7E /* FileTableViewCell.swift */; };
/* End PBXBuildFile section */

/* Begin PBXFileReference section */
		5129BF932AAA51770097B191 /* TestYandex.app */ = {isa = PBXFileReference; explicitFileType = wrapper.application; includeInIndex = 0; path = TestYandex.app; sourceTree = BUILT_PRODUCTS_DIR; };
		5129BF962AAA51770097B191 /* AppDelegate.swift */ = {isa = PBXFileReference; lastKnownFileType = sourcecode.swift; path = AppDelegate.swift; sourceTree = "<group>"; };
		5129BF982AAA51770097B191 /* SceneDelegate.swift */ = {isa = PBXFileReference; lastKnownFileType = sourcecode.swift; path = SceneDelegate.swift; sourceTree = "<group>"; };
		5129BF9A2AAA51770097B191 /* ViewController.swift */ = {isa = PBXFileReference; lastKnownFileType = sourcecode.swift; path = ViewController.swift; sourceTree = "<group>"; };
		5129BF9F2AAA517B0097B191 /* Assets.xcassets */ = {isa = PBXFileReference; lastKnownFileType = folder.assetcatalog; path = Assets.xcassets; sourceTree = "<group>"; };
		5129BFA22AAA517B0097B191 /* Base */ = {isa = PBXFileReference; lastKnownFileType = file.storyboard; name = Base; path = Base.lproj/LaunchScreen.storyboard; sourceTree = "<group>"; };
		5129BFA42AAA517B0097B191 /* Info.plist */ = {isa = PBXFileReference; lastKnownFileType = text.plist.xml; path = Info.plist; sourceTree = "<group>"; };
		5129BFAA2AAA59C60097B191 /* AuthViewController.swift */ = {isa = PBXFileReference; lastKnownFileType = sourcecode.swift; path = AuthViewController.swift; sourceTree = "<group>"; };
		5129BFAC2AAF2E340097B191 /* DiskFile.swift */ = {isa = PBXFileReference; lastKnownFileType = sourcecode.swift; path = DiskFile.swift; sourceTree = "<group>"; };
		51D9F4592AB08FFA00055E7E /* FileTableViewCell.swift */ = {isa = PBXFileReference; lastKnownFileType = sourcecode.swift; path = FileTableViewCell.swift; sourceTree = "<group>"; };
/* End PBXFileReference section */

/* Begin PBXFrameworksBuildPhase section */
		5129BF902AAA51770097B191 /* Frameworks */ = {
			isa = PBXFrameworksBuildPhase;
			buildActionMask = 2147483647;
			files = (
			);
			runOnlyForDeploymentPostprocessing = 0;
		};
/* End PBXFrameworksBuildPhase section */

/* Begin PBXGroup section */
		5129BF8A2AAA51770097B191 = {
			isa = PBXGroup;
			children = (
				5129BF952AAA51770097B191 /* TestYandex */,
				5129BF942AAA51770097B191 /* Products */,
			);
			sourceTree = "<group>";
		};
		5129BF942AAA51770097B191 /* Products */ = {
			isa = PBXGroup;
			children = (
				5129BF932AAA51770097B191 /* TestYandex.app */,
			);
			name = Products;
			sourceTree = "<group>";
		};
		5129BF952AAA51770097B191 /* TestYandex */ = {
			isa = PBXGroup;
			children = (
				5129BF962AAA51770097B191 /* AppDelegate.swift */,
				5129BF982AAA51770097B191 /* SceneDelegate.swift */,
				5129BF9A2AAA51770097B191 /* ViewController.swift */,
				5129BF9F2AAA517B0097B191 /* Assets.xcassets */,
				5129BFA12AAA517B0097B191 /* LaunchScreen.storyboard */,
				5129BFA42AAA517B0097B191 /* Info.plist */,
				5129BFAA2AAA59C60097B191 /* AuthViewController.swift */,
				5129BFAC2AAF2E340097B191 /* DiskFile.swift */,
				51D9F4592AB08FFA00055E7E /* FileTableViewCell.swift */,
			);
			path = TestYandex;
			sourceTree = "<group>";
		};
/* End PBXGroup section */

/* Begin PBXNativeTarget section */
		5129BF922AAA51770097B191 /* TestYandex */ = {
			isa = PBXNativeTarget;
			buildConfigurationList = 5129BFA72AAA517B0097B191 /* Build configuration list for PBXNativeTarget "TestYandex" */;
			buildPhases = (
				5129BF8F2AAA51770097B191 /* Sources */,
				5129BF902AAA51770097B191 /* Frameworks */,
				5129BF912AAA51770097B191 /* Resources */,
			);
			buildRules = (
			);
			dependencies = (
			);
			name = TestYandex;
			productName = TestYandex;
			productReference = 5129BF932AAA51770097B191 /* TestYandex.app */;
			productType = "com.apple.product-type.application";
		};
/* End PBXNativeTarget section */

/* Begin PBXProject section */
		5129BF8B2AAA51770097B191 /* Project object */ = {
			isa = PBXProject;
			attributes = {
				BuildIndependentTargetsInParallel = 1;
				LastSwiftUpdateCheck = 1340;
				LastUpgradeCheck = 1340;
				TargetAttributes = {
					5129BF922AAA51770097B191 = {
						CreatedOnToolsVersion = 13.4.1;
					};
				};
			};
			buildConfigurationList = 5129BF8E2AAA51770097B191 /* Build configuration list for PBXProject "TestYandex" */;
			compatibilityVersion = "Xcode 13.0";
			developmentRegion = en;
			hasScannedForEncodings = 0;
			knownRegions = (
				en,
				Base,
			);
			mainGroup = 5129BF8A2AAA51770097B191;
			productRefGroup = 5129BF942AAA51770097B191 /* Products */;
			projectDirPath = "";
			projectRoot = "";
			targets = (
				5129BF922AAA51770097B191 /* TestYandex */,
			);
		};
/* End PBXProject section */

/* Begin PBXResourcesBuildPhase section */
		5129BF912AAA51770097B191 /* Resources */ = {
			isa = PBXResourcesBuildPhase;
			buildActionMask = 2147483647;
			files = (
				5129BFA32AAA517B0097B191 /* LaunchScreen.storyboard in Resources */,
				5129BFA02AAA517B0097B191 /* Assets.xcassets in Resources */,
			);
			runOnlyForDeploymentPostprocessing = 0;
		};
/* End PBXResourcesBuildPhase section */

/* Begin PBXSourcesBuildPhase section */
		5129BF8F2AAA51770097B191 /* Sources */ = {
			isa = PBXSourcesBuildPhase;
			buildActionMask = 2147483647;
			files = (
				5129BFAB2AAA59C70097B191 /* AuthViewController.swift in Sources */,
				51D9F45A2AB08FFA00055E7E /* FileTableViewCell.swift in Sources */,
				5129BFAD2AAF2E340097B191 /* DiskFile.swift in Sources */,
				5129BF9B2AAA51770097B191 /* ViewController.swift in Sources */,
				5129BF972AAA51770097B191 /* AppDelegate.swift in Sources */,
				5129BF992AAA51770097B191 /* SceneDelegate.swift in Sources */,
			);
			runOnlyForDeploymentPostprocessing = 0;
		};
/* End PBXSourcesBuildPhase section */

/* Begin PBXVariantGroup section */
		5129BFA12AAA517B0097B191 /* LaunchScreen.storyboard */ = {
			isa = PBXVariantGroup;
			children = (
				5129BFA22AAA517B0097B191 /* Base */,
			);
			name = LaunchScreen.storyboard;
			sourceTree = "<group>";
		};
/* End PBXVariantGroup section */

/* Begin XCBuildConfiguration section */
		5129BFA52AAA517B0097B191 /* Debug */ = {
			isa = XCBuildConfiguration;
			buildSettings = {
				ALWAYS_SEARCH_USER_PATHS = NO;
				CLANG_ANALYZER_NONNULL = YES;
				CLANG_ANALYZER_NUMBER_OBJECT_CONVERSION = YES_AGGRESSIVE;
				CLANG_CXX_LANGUAGE_STANDARD = "gnu++17";
				CLANG_ENABLE_MODULES = YES;
				CLANG_ENABLE_OBJC_ARC = YES;
				CLANG_ENABLE_OBJC_WEAK = YES;
				CLANG_WARN_BLOCK_CAPTURE_AUTORELEASING = YES;
				CLANG_WARN_BOOL_CONVERSION = YES;
				CLANG_WARN_COMMA = YES;
				CLANG_WARN_CONSTANT_CONVERSION = YES;
				CLANG_WARN_DEPRECATED_OBJC_IMPLEMENTATIONS = YES;
				CLANG_WARN_DIRECT_OBJC_ISA_USAGE = YES_ERROR;
				CLANG_WARN_DOCUMENTATION_COMMENTS = YES;
				CLANG_WARN_EMPTY_BODY = YES;
				CLANG_WARN_ENUM_CONVERSION = YES;
				CLANG_WARN_INFINITE_RECURSION = YES;
				CLANG_WARN_INT_CONVERSION = YES;
				CLANG_WARN_NON_LITERAL_NULL_CONVERSION = YES;
				CLANG_WARN_OBJC_IMPLICIT_RETAIN_SELF = YES;
				CLANG_WARN_OBJC_LITERAL_CONVERSION = YES;
				CLANG_WARN_OBJC_ROOT_CLASS = YES_ERROR;
				CLANG_WARN_QUOTED_INCLUDE_IN_FRAMEWORK_HEADER = YES;
				CLANG_WARN_RANGE_LOOP_ANALYSIS = YES;
				CLANG_WARN_STRICT_PROTOTYPES = YES;
				CLANG_WARN_SUSPICIOUS_MOVE = YES;
				CLANG_WARN_UNGUARDED_AVAILABILITY = YES_AGGRESSIVE;
				CLANG_WARN_UNREACHABLE_CODE = YES;
				CLANG_WARN__DUPLICATE_METHOD_MATCH = YES;
				COPY_PHASE_STRIP = NO;
				DEBUG_INFORMATION_FORMAT = dwarf;
				ENABLE_STRICT_OBJC_MSGSEND = YES;
				ENABLE_TESTABILITY = YES;
				GCC_C_LANGUAGE_STANDARD = gnu11;
				GCC_DYNAMIC_NO_PIC = NO;
				GCC_NO_COMMON_BLOCKS = YES;
				GCC_OPTIMIZATION_LEVEL = 0;
				GCC_PREPROCESSOR_DEFINITIONS = (
					"DEBUG=1",
					"$(inherited)",
				);
				GCC_WARN_64_TO_32_BIT_CONVERSION = YES;
				GCC_WARN_ABOUT_RETURN_TYPE = YES_ERROR;
				GCC_WARN_UNDECLARED_SELECTOR = YES;
				GCC_WARN_UNINITIALIZED_AUTOS = YES_AGGRESSIVE;
				GCC_WARN_UNUSED_FUNCTION = YES;
				GCC_WARN_UNUSED_VARIABLE = YES;
				IPHONEOS_DEPLOYMENT_TARGET = 15.5;
				MTL_ENABLE_DEBUG_INFO = INCLUDE_SOURCE;
				MTL_FAST_MATH = YES;
				ONLY_ACTIVE_ARCH = YES;
				SDKROOT = iphoneos;
				SWIFT_ACTIVE_COMPILATION_CONDITIONS = DEBUG;
				SWIFT_OPTIMIZATION_LEVEL = "-Onone";
			};
			name = Debug;
		};
		5129BFA62AAA517B0097B191 /* Release */ = {
			isa = XCBuildConfiguration;
			buildSettings = {
				ALWAYS_SEARCH_USER_PATHS = NO;
				CLANG_ANALYZER_NONNULL = YES;
				CLANG_ANALYZER_NUMBER_OBJECT_CONVERSION = YES_AGGRESSIVE;
				CLANG_CXX_LANGUAGE_STANDARD = "gnu++17";
				CLANG_ENABLE_MODULES = YES;
				CLANG_ENABLE_OBJC_ARC = YES;
				CLANG_ENABLE_OBJC_WEAK = YES;
				CLANG_WARN_BLOCK_CAPTURE_AUTORELEASING = YES;
				CLANG_WARN_BOOL_CONVERSION = YES;
				CLANG_WARN_COMMA = YES;
				CLANG_WARN_CONSTANT_CONVERSION = YES;
				CLANG_WARN_DEPRECATED_OBJC_IMPLEMENTATIONS = YES;
				CLANG_WARN_DIRECT_OBJC_ISA_USAGE = YES_ERROR;
				CLANG_WARN_DOCUMENTATION_COMMENTS = YES;
				CLANG_WARN_EMPTY_BODY = YES;
				CLANG_WARN_ENUM_CONVERSION = YES;
				CLANG_WARN_INFINITE_RECURSION = YES;
				CLANG_WARN_INT_CONVERSION = YES;
				CLANG_WARN_NON_LITERAL_NULL_CONVERSION = YES;
				CLANG_WARN_OBJC_IMPLICIT_RETAIN_SELF = YES;
				CLANG_WARN_OBJC_LITERAL_CONVERSION = YES;
				CLANG_WARN_OBJC_ROOT_CLASS = YES_ERROR;
				CLANG_WARN_QUOTED_INCLUDE_IN_FRAMEWORK_HEADER = YES;
				CLANG_WARN_RANGE_LOOP_ANALYSIS = YES;
				CLANG_WARN_STRICT_PROTOTYPES = YES;
				CLANG_WARN_SUSPICIOUS_MOVE = YES;
				CLANG_WARN_UNGUARDED_AVAILABILITY = YES_AGGRESSIVE;
				CLANG_WARN_UNREACHABLE_CODE = YES;
				CLANG_WARN__DUPLICATE_METHOD_MATCH = YES;
				COPY_PHASE_STRIP = NO;
				DEBUG_INFORMATION_FORMAT = "dwarf-with-dsym";
				ENABLE_NS_ASSERTIONS = NO;
				ENABLE_STRICT_OBJC_MSGSEND = YES;
				GCC_C_LANGUAGE_STANDARD = gnu11;
				GCC_NO_COMMON_BLOCKS = YES;
				GCC_WARN_64_TO_32_BIT_CONVERSION = YES;
				GCC_WARN_ABOUT_RETURN_TYPE = YES_ERROR;
				GCC_WARN_UNDECLARED_SELECTOR = YES;
				GCC_WARN_UNINITIALIZED_AUTOS = YES_AGGRESSIVE;
				GCC_WARN_UNUSED_FUNCTION = YES;
				GCC_WARN_UNUSED_VARIABLE = YES;
				IPHONEOS_DEPLOYMENT_TARGET = 15.5;
				MTL_ENABLE_DEBUG_INFO = NO;
				MTL_FAST_MATH = YES;
				SDKROOT = iphoneos;
				SWIFT_COMPILATION_MODE = wholemodule;
				SWIFT_OPTIMIZATION_LEVEL = "-O";
				VALIDATE_PRODUCT = YES;
			};
			name = Release;
		};
		5129BFA82AAA517B0097B191 /* Debug */ = {
			isa = XCBuildConfiguration;
			buildSettings = {
				ASSETCATALOG_COMPILER_APPICON_NAME = AppIcon;
				ASSETCATALOG_COMPILER_GLOBAL_ACCENT_COLOR_NAME = AccentColor;
				CODE_SIGN_STYLE = Automatic;
				CURRENT_PROJECT_VERSION = 1;
				DEVELOPMENT_TEAM = VS2UJ3F9HF;
				GENERATE_INFOPLIST_FILE = YES;
				INFOPLIST_FILE = TestYandex/Info.plist;
				INFOPLIST_KEY_UIApplicationSupportsIndirectInputEvents = YES;
				INFOPLIST_KEY_UILaunchStoryboardName = LaunchScreen;
				INFOPLIST_KEY_UISupportedInterfaceOrientations_iPad = "UIInterfaceOrientationPortrait UIInterfaceOrientationPortraitUpsideDown UIInterfaceOrientationLandscapeLeft UIInterfaceOrientationLandscapeRight";
				INFOPLIST_KEY_UISupportedInterfaceOrientations_iPhone = "UIInterfaceOrientationPortrait UIInterfaceOrientationLandscapeLeft UIInterfaceOrientationLandscapeRight";
				LD_RUNPATH_SEARCH_PATHS = (
					"$(inherited)",
					"@executable_path/Frameworks",
				);
				MARKETING_VERSION = 1.0;
				PRODUCT_BUNDLE_IDENTIFIER = Test.TestYandex;
				PRODUCT_NAME = "$(TARGET_NAME)";
				SWIFT_EMIT_LOC_STRINGS = YES;
				SWIFT_VERSION = 5.0;
				TARGETED_DEVICE_FAMILY = "1,2";
			};
			name = Debug;
		};
		5129BFA92AAA517B0097B191 /* Release */ = {
			isa = XCBuildConfiguration;
			buildSettings = {
				ASSETCATALOG_COMPILER_APPICON_NAME = AppIcon;
				ASSETCATALOG_COMPILER_GLOBAL_ACCENT_COLOR_NAME = AccentColor;
				CODE_SIGN_STYLE = Automatic;
				CURRENT_PROJECT_VERSION = 1;
				DEVELOPMENT_TEAM = VS2UJ3F9HF;
				GENERATE_INFOPLIST_FILE = YES;
				INFOPLIST_FILE = TestYandex/Info.plist;
				INFOPLIST_KEY_UIApplicationSupportsIndirectInputEvents = YES;
				INFOPLIST_KEY_UILaunchStoryboardName = LaunchScreen;
				INFOPLIST_KEY_UISupportedInterfaceOrientations_iPad = "UIInterfaceOrientationPortrait UIInterfaceOrientationPortraitUpsideDown UIInterfaceOrientationLandscapeLeft UIInterfaceOrientationLandscapeRight";
				INFOPLIST_KEY_UISupportedInterfaceOrientations_iPhone = "UIInterfaceOrientationPortrait UIInterfaceOrientationLandscapeLeft UIInterfaceOrientationLandscapeRight";
				LD_RUNPATH_SEARCH_PATHS = (
					"$(inherited)",
					"@executable_path/Frameworks",
				);
				MARKETING_VERSION = 1.0;
				PRODUCT_BUNDLE_IDENTIFIER = Test.TestYandex;
				PRODUCT_NAME = "$(TARGET_NAME)";
				SWIFT_EMIT_LOC_STRINGS = YES;
				SWIFT_VERSION = 5.0;
				TARGETED_DEVICE_FAMILY = "1,2";
			};
			name = Release;
		};
/* End XCBuildConfiguration section */

/* Begin XCConfigurationList section */
		5129BF8E2AAA51770097B191 /* Build configuration list for PBXProject "TestYandex" */ = {
			isa = XCConfigurationList;
			buildConfigurations = (
				5129BFA52AAA517B0097B191 /* Debug */,
				5129BFA62AAA517B0097B191 /* Release */,
			);
			defaultConfigurationIsVisible = 0;
			defaultConfigurationName = Release;
		};
		5129BFA72AAA517B0097B191 /* Build configuration list for PBXNativeTarget "TestYandex" */ = {
			isa = XCConfigurationList;
			buildConfigurations = (
				5129BFA82AAA517B0097B191 /* Debug */,
				5129BFA92AAA517B0097B191 /* Release */,
			);
			defaultConfigurationIsVisible = 0;
			defaultConfigurationName = Release;
		};
/* End XCConfigurationList section */
	};
	rootObject = 5129BF8B2AAA51770097B191 /* Project object */;
}
